
Microsoft Visual Studio Solution File, Format Version 12.00
# Visual Studio Version 17
VisualStudioVersion = 17.4.33403.182
MinimumVisualStudioVersion = 10.0.40219.1
Project("{888888A0-9F3D-457C-B088-3A5042F75D52}") = "Seminar_1", "Tasks\Seminar_1.pyproj", "{33E42077-D189-463B-828A-BBCA0CF98A2B}"
EndProject
Project("{888888A0-9F3D-457C-B088-3A5042F75D52}") = "Seminar_2", "Seminar_2\Seminar_2.pyproj", "{225CF86B-F255-44DE-A4E8-100D64AEC4CF}"
EndProject
Project("{888888A0-9F3D-457C-B088-3A5042F75D52}") = "Seminar_3", "Seminar_3\Seminar_3.pyproj", "{1DB8720B-2934-4DA1-9831-05EA596B45DB}"
EndProject
Project("{888888A0-9F3D-457C-B088-3A5042F75D52}") = "Seminar_4", "Seminar_4\Seminar_4.pyproj", "{56D3B367-BA1E-44A4-B695-ABBFD74693F5}"
EndProject
Project("{888888A0-9F3D-457C-B088-3A5042F75D52}") = "Seminar_5", "Seminar_5\Seminar_5.pyproj", "{3EAF45E9-24ED-48B8-87C7-80CF784C2A6A}"
EndProject
Project("{888888A0-9F3D-457C-B088-3A5042F75D52}") = "Seminar_6", "Seminar_6\Seminar_6.pyproj", "{A4CA8C8C-3B15-4D93-8B1E-31F887B0E920}"
EndProject
Project("{888888A0-9F3D-457C-B088-3A5042F75D52}") = "Seminar_7", "Seminar_7\Seminar_7.pyproj", "{83B7787F-F3D2-4A83-A028-BA534B1FE2FE}"
EndProject
Project("{888888A0-9F3D-457C-B088-3A5042F75D52}") = "Seminar_8", "Seminar_8\Seminar_8.pyproj", "{924BC883-64C4-4DC3-8018-CE2166E42902}"
EndProject
Project("{888888A0-9F3D-457C-B088-3A5042F75D52}") = "Seminar_9", "Seminar_9\Seminar_9.pyproj", "{A1768C1C-E614-440A-94F7-D435F2BB2D3A}"
EndProject
Global
	GlobalSection(SolutionConfigurationPlatforms) = preSolution
		Debug|Any CPU = Debug|Any CPU
		Release|Any CPU = Release|Any CPU
	EndGlobalSection
	GlobalSection(ProjectConfigurationPlatforms) = postSolution
		{33E42077-D189-463B-828A-BBCA0CF98A2B}.Debug|Any CPU.ActiveCfg = Debug|Any CPU
		{33E42077-D189-463B-828A-BBCA0CF98A2B}.Release|Any CPU.ActiveCfg = Release|Any CPU
		{225CF86B-F255-44DE-A4E8-100D64AEC4CF}.Debug|Any CPU.ActiveCfg = Debug|Any CPU
		{225CF86B-F255-44DE-A4E8-100D64AEC4CF}.Release|Any CPU.ActiveCfg = Release|Any CPU
		{1DB8720B-2934-4DA1-9831-05EA596B45DB}.Debug|Any CPU.ActiveCfg = Debug|Any CPU
		{1DB8720B-2934-4DA1-9831-05EA596B45DB}.Release|Any CPU.ActiveCfg = Release|Any CPU
		{56D3B367-BA1E-44A4-B695-ABBFD74693F5}.Debug|Any CPU.ActiveCfg = Debug|Any CPU
		{56D3B367-BA1E-44A4-B695-ABBFD74693F5}.Release|Any CPU.ActiveCfg = Release|Any CPU
		{3EAF45E9-24ED-48B8-87C7-80CF784C2A6A}.Debug|Any CPU.ActiveCfg = Debug|Any CPU
		{3EAF45E9-24ED-48B8-87C7-80CF784C2A6A}.Release|Any CPU.ActiveCfg = Release|Any CPU
		{A4CA8C8C-3B15-4D93-8B1E-31F887B0E920}.Debug|Any CPU.ActiveCfg = Debug|Any CPU
		{A4CA8C8C-3B15-4D93-8B1E-31F887B0E920}.Release|Any CPU.ActiveCfg = Release|Any CPU
		{83B7787F-F3D2-4A83-A028-BA534B1FE2FE}.Debug|Any CPU.ActiveCfg = Debug|Any CPU
		{83B7787F-F3D2-4A83-A028-BA534B1FE2FE}.Release|Any CPU.ActiveCfg = Release|Any CPU
		{924BC883-64C4-4DC3-8018-CE2166E42902}.Debug|Any CPU.ActiveCfg = Debug|Any CPU
		{924BC883-64C4-4DC3-8018-CE2166E42902}.Release|Any CPU.ActiveCfg = Release|Any CPU
		{A1768C1C-E614-440A-94F7-D435F2BB2D3A}.Debug|Any CPU.ActiveCfg = Debug|Any CPU
		{A1768C1C-E614-440A-94F7-D435F2BB2D3A}.Release|Any CPU.ActiveCfg = Release|Any CPU
	EndGlobalSection
	GlobalSection(SolutionProperties) = preSolution
		HideSolutionNode = FALSE
	EndGlobalSection
	GlobalSection(ExtensibilityGlobals) = postSolution
		SolutionGuid = {FFC4D2F9-4C87-4B9B-A52D-B861C76FB215}
	EndGlobalSection
EndGlobal
