
Microsoft Visual Studio Solution File, Format Version 12.00
# Visual Studio Version 17
VisualStudioVersion = 17.4.33403.182
MinimumVisualStudioVersion = 10.0.40219.1
Project("{888888A0-9F3D-457C-B088-3A5042F75D52}") = "Seminar_1", "Tasks\Seminar_1.pyproj", "{33E42077-D189-463B-828A-BBCA0CF98A2B}"
EndProject
Project("{888888A0-9F3D-457C-B088-3A5042F75D52}") = "Seminar_2", "Seminar_2\Seminar_2.pyproj", "{807856A1-EFA8-4877-A02B-581E881888CB}"
EndProject
Global
	GlobalSection(SolutionConfigurationPlatforms) = preSolution
		Debug|Any CPU = Debug|Any CPU
		Release|Any CPU = Release|Any CPU
	EndGlobalSection
	GlobalSection(ProjectConfigurationPlatforms) = postSolution
		{33E42077-D189-463B-828A-BBCA0CF98A2B}.Debug|Any CPU.ActiveCfg = Debug|Any CPU
		{33E42077-D189-463B-828A-BBCA0CF98A2B}.Release|Any CPU.ActiveCfg = Release|Any CPU
		{807856A1-EFA8-4877-A02B-581E881888CB}.Debug|Any CPU.ActiveCfg = Debug|Any CPU
		{807856A1-EFA8-4877-A02B-581E881888CB}.Release|Any CPU.ActiveCfg = Release|Any CPU
	EndGlobalSection
	GlobalSection(SolutionProperties) = preSolution
		HideSolutionNode = FALSE
	EndGlobalSection
	GlobalSection(ExtensibilityGlobals) = postSolution
		SolutionGuid = {FFC4D2F9-4C87-4B9B-A52D-B861C76FB215}
	EndGlobalSection
EndGlobal
